// !$*UTF8*$!
{
	archiveVersion = 1;
	classes = {
	};
	objectVersion = 60;
	objects = {

/* Begin PBXBuildFile section */
		9D8E364D2C276A5D00FCED4A /* SearchView.swift in Sources */ = {isa = PBXBuildFile; fileRef = 9D8E364C2C276A5D00FCED4A /* SearchView.swift */; };
		9D8E364F2C276B8C00FCED4A /* HomeView.swift in Sources */ = {isa = PBXBuildFile; fileRef = 9D8E364E2C276B8C00FCED4A /* HomeView.swift */; };
		9D8E36522C276ECD00FCED4A /* CategoryRow.swift in Sources */ = {isa = PBXBuildFile; fileRef = 9D8E36512C276ECD00FCED4A /* CategoryRow.swift */; };
		9D9B69342C3A504300162AFD /* Profile.swift in Sources */ = {isa = PBXBuildFile; fileRef = 9D9B69332C3A503B00162AFD /* Profile.swift */; };
		9D9B69362C3A52C100162AFD /* ProfileHost.swift in Sources */ = {isa = PBXBuildFile; fileRef = 9D9B69352C3A52C100162AFD /* ProfileHost.swift */; };
		9D9B69382C3A535F00162AFD /* ProfileSummary.swift in Sources */ = {isa = PBXBuildFile; fileRef = 9D9B69372C3A535F00162AFD /* ProfileSummary.swift */; };
		9D9B693A2C3B4EFF00162AFD /* Settings.swift in Sources */ = {isa = PBXBuildFile; fileRef = 9D9B69392C3B4EFF00162AFD /* Settings.swift */; };
		9D9B693E2C3B85B300162AFD /* Authentication.swift in Sources */ = {isa = PBXBuildFile; fileRef = 9D9B693D2C3B85B300162AFD /* Authentication.swift */; };
		9D9B69412C3B8EF600162AFD /* RecipeTile.swift in Sources */ = {isa = PBXBuildFile; fileRef = 9D9B69402C3B8EF600162AFD /* RecipeTile.swift */; };
		9D9B69442C3B9CB200162AFD /* RecipeTileColumn.swift in Sources */ = {isa = PBXBuildFile; fileRef = 9D9B69432C3B9CB200162AFD /* RecipeTileColumn.swift */; };
		9DBACDE62C24BFF800B5CEE6 /* WeJimApp.swift in Sources */ = {isa = PBXBuildFile; fileRef = 9DBACDE52C24BFF800B5CEE6 /* WeJimApp.swift */; };
		9DBACDE82C24BFF800B5CEE6 /* ContentView.swift in Sources */ = {isa = PBXBuildFile; fileRef = 9DBACDE72C24BFF800B5CEE6 /* ContentView.swift */; };
		9DBACDEA2C24BFF900B5CEE6 /* Assets.xcassets in Resources */ = {isa = PBXBuildFile; fileRef = 9DBACDE92C24BFF900B5CEE6 /* Assets.xcassets */; };
		9DBACDED2C24BFF900B5CEE6 /* Preview Assets.xcassets in Resources */ = {isa = PBXBuildFile; fileRef = 9DBACDEC2C24BFF900B5CEE6 /* Preview Assets.xcassets */; };
		9DBACDF72C24BFF900B5CEE6 /* WeJimTests.swift in Sources */ = {isa = PBXBuildFile; fileRef = 9DBACDF62C24BFF900B5CEE6 /* WeJimTests.swift */; };
		9DBACE012C24BFF900B5CEE6 /* WeJimUITests.swift in Sources */ = {isa = PBXBuildFile; fileRef = 9DBACE002C24BFF900B5CEE6 /* WeJimUITests.swift */; };
		9DBACE032C24BFF900B5CEE6 /* WeJimUITestsLaunchTests.swift in Sources */ = {isa = PBXBuildFile; fileRef = 9DBACE022C24BFF900B5CEE6 /* WeJimUITestsLaunchTests.swift */; };
		9DBACE102C24C05000B5CEE6 /* OpenAiModel.swift in Sources */ = {isa = PBXBuildFile; fileRef = 9DBACE0F2C24C03200B5CEE6 /* OpenAiModel.swift */; };
		9DBACE132C24C08100B5CEE6 /* OpenAI in Frameworks */ = {isa = PBXBuildFile; productRef = 9DBACE122C24C08100B5CEE6 /* OpenAI */; };
		9DC18C9A2C3E54CE00990132 /* Recipe.swift in Sources */ = {isa = PBXBuildFile; fileRef = 9DC18C992C3E54CE00990132 /* Recipe.swift */; };
		9DC18CA52C3F3B0800990132 /* FirebaseAnalytics in Frameworks */ = {isa = PBXBuildFile; productRef = 9DC18CA42C3F3B0800990132 /* FirebaseAnalytics */; };
		9DC18CA72C3F3B5100990132 /* FirebaseAnalyticsSwift in Frameworks */ = {isa = PBXBuildFile; productRef = 9DC18CA62C3F3B5100990132 /* FirebaseAnalyticsSwift */; };
		9DC18CB32C3F516700990132 /* SignOut.swift in Sources */ = {isa = PBXBuildFile; fileRef = 9DC18CB22C3F516700990132 /* SignOut.swift */; };
		9DC18CB52C3F5BEF00990132 /* SignIn.swift in Sources */ = {isa = PBXBuildFile; fileRef = 9DC18CB42C3F5BEF00990132 /* SignIn.swift */; };
		9DC18CB72C3F5C5B00990132 /* SignUp.swift in Sources */ = {isa = PBXBuildFile; fileRef = 9DC18CB62C3F5C5B00990132 /* SignUp.swift */; };
		9DC83E522C27AB11003C403A /* CategoryItem.swift in Sources */ = {isa = PBXBuildFile; fileRef = 9DC83E512C27AB11003C403A /* CategoryItem.swift */; };
		9DC83E542C27AC75003C403A /* Item.swift in Sources */ = {isa = PBXBuildFile; fileRef = 9DC83E532C27AC75003C403A /* Item.swift */; };
		9DC83E572C27CD9C003C403A /* CalendarView.swift in Sources */ = {isa = PBXBuildFile; fileRef = 9DC83E562C27CD9C003C403A /* CalendarView.swift */; };
		9DC83E592C27CDB1003C403A /* GroceryListView.swift in Sources */ = {isa = PBXBuildFile; fileRef = 9DC83E582C27CDB1003C403A /* GroceryListView.swift */; };
		9DC83E5F2C28E20B003C403A /* ChosenItemView.swift in Sources */ = {isa = PBXBuildFile; fileRef = 9DC83E5E2C28E20B003C403A /* ChosenItemView.swift */; };
		9DC83E612C28E64C003C403A /* ChosenItemCircleImage.swift in Sources */ = {isa = PBXBuildFile; fileRef = 9DC83E602C28E64C003C403A /* ChosenItemCircleImage.swift */; };
/* End PBXBuildFile section */

/* Begin PBXContainerItemProxy section */
		9DBACDF32C24BFF900B5CEE6 /* PBXContainerItemProxy */ = {
			isa = PBXContainerItemProxy;
			containerPortal = 9DBACDDA2C24BFF800B5CEE6 /* Project object */;
			proxyType = 1;
			remoteGlobalIDString = 9DBACDE12C24BFF800B5CEE6;
			remoteInfo = WeJim;
		};
		9DBACDFD2C24BFF900B5CEE6 /* PBXContainerItemProxy */ = {
			isa = PBXContainerItemProxy;
			containerPortal = 9DBACDDA2C24BFF800B5CEE6 /* Project object */;
			proxyType = 1;
			remoteGlobalIDString = 9DBACDE12C24BFF800B5CEE6;
			remoteInfo = WeJim;
		};
/* End PBXContainerItemProxy section */

/* Begin PBXFileReference section */
		9D8E364C2C276A5D00FCED4A /* SearchView.swift */ = {isa = PBXFileReference; lastKnownFileType = sourcecode.swift; path = SearchView.swift; sourceTree = "<group>"; };
		9D8E364E2C276B8C00FCED4A /* HomeView.swift */ = {isa = PBXFileReference; lastKnownFileType = sourcecode.swift; path = HomeView.swift; sourceTree = "<group>"; };
		9D8E36512C276ECD00FCED4A /* CategoryRow.swift */ = {isa = PBXFileReference; lastKnownFileType = sourcecode.swift; path = CategoryRow.swift; sourceTree = "<group>"; };
		9D9B69332C3A503B00162AFD /* Profile.swift */ = {isa = PBXFileReference; lastKnownFileType = sourcecode.swift; path = Profile.swift; sourceTree = "<group>"; };
		9D9B69352C3A52C100162AFD /* ProfileHost.swift */ = {isa = PBXFileReference; lastKnownFileType = sourcecode.swift; path = ProfileHost.swift; sourceTree = "<group>"; };
		9D9B69372C3A535F00162AFD /* ProfileSummary.swift */ = {isa = PBXFileReference; lastKnownFileType = sourcecode.swift; path = ProfileSummary.swift; sourceTree = "<group>"; };
		9D9B69392C3B4EFF00162AFD /* Settings.swift */ = {isa = PBXFileReference; lastKnownFileType = sourcecode.swift; path = Settings.swift; sourceTree = "<group>"; };
		9D9B693D2C3B85B300162AFD /* Authentication.swift */ = {isa = PBXFileReference; lastKnownFileType = sourcecode.swift; path = Authentication.swift; sourceTree = "<group>"; };
		9D9B69402C3B8EF600162AFD /* RecipeTile.swift */ = {isa = PBXFileReference; lastKnownFileType = sourcecode.swift; path = RecipeTile.swift; sourceTree = "<group>"; };
		9D9B69432C3B9CB200162AFD /* RecipeTileColumn.swift */ = {isa = PBXFileReference; lastKnownFileType = sourcecode.swift; path = RecipeTileColumn.swift; sourceTree = "<group>"; };
		9DBACDE22C24BFF800B5CEE6 /* WeJim.app */ = {isa = PBXFileReference; explicitFileType = wrapper.application; includeInIndex = 0; path = WeJim.app; sourceTree = BUILT_PRODUCTS_DIR; };
		9DBACDE52C24BFF800B5CEE6 /* WeJimApp.swift */ = {isa = PBXFileReference; lastKnownFileType = sourcecode.swift; path = WeJimApp.swift; sourceTree = "<group>"; };
		9DBACDE72C24BFF800B5CEE6 /* ContentView.swift */ = {isa = PBXFileReference; lastKnownFileType = sourcecode.swift; path = ContentView.swift; sourceTree = "<group>"; };
		9DBACDE92C24BFF900B5CEE6 /* Assets.xcassets */ = {isa = PBXFileReference; lastKnownFileType = folder.assetcatalog; path = Assets.xcassets; sourceTree = "<group>"; };
		9DBACDEC2C24BFF900B5CEE6 /* Preview Assets.xcassets */ = {isa = PBXFileReference; lastKnownFileType = folder.assetcatalog; path = "Preview Assets.xcassets"; sourceTree = "<group>"; };
		9DBACDF22C24BFF900B5CEE6 /* WeJimTests.xctest */ = {isa = PBXFileReference; explicitFileType = wrapper.cfbundle; includeInIndex = 0; path = WeJimTests.xctest; sourceTree = BUILT_PRODUCTS_DIR; };
		9DBACDF62C24BFF900B5CEE6 /* WeJimTests.swift */ = {isa = PBXFileReference; lastKnownFileType = sourcecode.swift; path = WeJimTests.swift; sourceTree = "<group>"; };
		9DBACDFC2C24BFF900B5CEE6 /* WeJimUITests.xctest */ = {isa = PBXFileReference; explicitFileType = wrapper.cfbundle; includeInIndex = 0; path = WeJimUITests.xctest; sourceTree = BUILT_PRODUCTS_DIR; };
		9DBACE002C24BFF900B5CEE6 /* WeJimUITests.swift */ = {isa = PBXFileReference; lastKnownFileType = sourcecode.swift; path = WeJimUITests.swift; sourceTree = "<group>"; };
		9DBACE022C24BFF900B5CEE6 /* WeJimUITestsLaunchTests.swift */ = {isa = PBXFileReference; lastKnownFileType = sourcecode.swift; path = WeJimUITestsLaunchTests.swift; sourceTree = "<group>"; };
		9DBACE0F2C24C03200B5CEE6 /* OpenAiModel.swift */ = {isa = PBXFileReference; lastKnownFileType = sourcecode.swift; path = OpenAiModel.swift; sourceTree = "<group>"; };
		9DC18C992C3E54CE00990132 /* Recipe.swift */ = {isa = PBXFileReference; lastKnownFileType = sourcecode.swift; path = Recipe.swift; sourceTree = "<group>"; };
		9DC18CB22C3F516700990132 /* SignOut.swift */ = {isa = PBXFileReference; lastKnownFileType = sourcecode.swift; path = SignOut.swift; sourceTree = "<group>"; };
		9DC18CB42C3F5BEF00990132 /* SignIn.swift */ = {isa = PBXFileReference; lastKnownFileType = sourcecode.swift; path = SignIn.swift; sourceTree = "<group>"; };
		9DC18CB62C3F5C5B00990132 /* SignUp.swift */ = {isa = PBXFileReference; lastKnownFileType = sourcecode.swift; path = SignUp.swift; sourceTree = "<group>"; };
		9DC83E512C27AB11003C403A /* CategoryItem.swift */ = {isa = PBXFileReference; lastKnownFileType = sourcecode.swift; path = CategoryItem.swift; sourceTree = "<group>"; };
		9DC83E532C27AC75003C403A /* Item.swift */ = {isa = PBXFileReference; lastKnownFileType = sourcecode.swift; path = Item.swift; sourceTree = "<group>"; };
		9DC83E562C27CD9C003C403A /* CalendarView.swift */ = {isa = PBXFileReference; lastKnownFileType = sourcecode.swift; path = CalendarView.swift; sourceTree = "<group>"; };
		9DC83E582C27CDB1003C403A /* GroceryListView.swift */ = {isa = PBXFileReference; lastKnownFileType = sourcecode.swift; path = GroceryListView.swift; sourceTree = "<group>"; };
		9DC83E5E2C28E20B003C403A /* ChosenItemView.swift */ = {isa = PBXFileReference; lastKnownFileType = sourcecode.swift; path = ChosenItemView.swift; sourceTree = "<group>"; };
		9DC83E602C28E64C003C403A /* ChosenItemCircleImage.swift */ = {isa = PBXFileReference; lastKnownFileType = sourcecode.swift; path = ChosenItemCircleImage.swift; sourceTree = "<group>"; };
/* End PBXFileReference section */

/* Begin PBXFrameworksBuildPhase section */
		9DBACDDF2C24BFF800B5CEE6 /* Frameworks */ = {
			isa = PBXFrameworksBuildPhase;
			buildActionMask = 2147483647;
			files = (
				9DC18CA72C3F3B5100990132 /* FirebaseAnalyticsSwift in Frameworks */,
				9DC18CA52C3F3B0800990132 /* FirebaseAnalytics in Frameworks */,
				9DBACE132C24C08100B5CEE6 /* OpenAI in Frameworks */,
			);
			runOnlyForDeploymentPostprocessing = 0;
		};
		9DBACDEF2C24BFF900B5CEE6 /* Frameworks */ = {
			isa = PBXFrameworksBuildPhase;
			buildActionMask = 2147483647;
			files = (
			);
			runOnlyForDeploymentPostprocessing = 0;
		};
		9DBACDF92C24BFF900B5CEE6 /* Frameworks */ = {
			isa = PBXFrameworksBuildPhase;
			buildActionMask = 2147483647;
			files = (
			);
			runOnlyForDeploymentPostprocessing = 0;
		};
/* End PBXFrameworksBuildPhase section */

/* Begin PBXGroup section */
		9D8E364A2C27694400FCED4A /* Views */ = {
			isa = PBXGroup;
			children = (
				9DBACDE72C24BFF800B5CEE6 /* ContentView.swift */,
				9D9B693F2C3B8ECC00162AFD /* Recipes */,
				9D8E36502C276E8200FCED4A /* Tabs */,
				9DC83E552C27B82F003C403A /* Category */,
				9D9B693C2C3B6E1F00162AFD /* ChosenItem */,
				9D9B693B2C3B6D9800162AFD /* Profile */,
				9D9B69392C3B4EFF00162AFD /* Settings.swift */,
			);
			path = Views;
			sourceTree = "<group>";
		};
		9D8E364B2C27696900FCED4A /* Model */ = {
			isa = PBXGroup;
			children = (
				9D9B69332C3A503B00162AFD /* Profile.swift */,
				9DBACE0F2C24C03200B5CEE6 /* OpenAiModel.swift */,
				9DC83E532C27AC75003C403A /* Item.swift */,
				9DC18C992C3E54CE00990132 /* Recipe.swift */,
			);
			path = Model;
			sourceTree = "<group>";
		};
		9D8E36502C276E8200FCED4A /* Tabs */ = {
			isa = PBXGroup;
			children = (
				9D8E364E2C276B8C00FCED4A /* HomeView.swift */,
				9D8E364C2C276A5D00FCED4A /* SearchView.swift */,
				9DC83E562C27CD9C003C403A /* CalendarView.swift */,
				9DC83E582C27CDB1003C403A /* GroceryListView.swift */,
			);
			path = Tabs;
			sourceTree = "<group>";
		};
		9D9B693B2C3B6D9800162AFD /* Profile */ = {
			isa = PBXGroup;
			children = (
				9D9B69352C3A52C100162AFD /* ProfileHost.swift */,
				9D9B69372C3A535F00162AFD /* ProfileSummary.swift */,
				9DC18CB12C3F514600990132 /* Authentication */,
			);
			path = Profile;
			sourceTree = "<group>";
		};
		9D9B693C2C3B6E1F00162AFD /* ChosenItem */ = {
			isa = PBXGroup;
			children = (
				9DC83E602C28E64C003C403A /* ChosenItemCircleImage.swift */,
				9DC83E5E2C28E20B003C403A /* ChosenItemView.swift */,
			);
			path = ChosenItem;
			sourceTree = "<group>";
		};
		9D9B693F2C3B8ECC00162AFD /* Recipes */ = {
			isa = PBXGroup;
			children = (
				9D9B69402C3B8EF600162AFD /* RecipeTile.swift */,
				9D9B69432C3B9CB200162AFD /* RecipeTileColumn.swift */,
			);
			path = Recipes;
			sourceTree = "<group>";
		};
		9DBACDD92C24BFF800B5CEE6 = {
			isa = PBXGroup;
			children = (
				9DBACDE42C24BFF800B5CEE6 /* WeJim */,
				9DBACDF52C24BFF900B5CEE6 /* WeJimTests */,
				9DBACDFF2C24BFF900B5CEE6 /* WeJimUITests */,
				9DBACDE32C24BFF800B5CEE6 /* Products */,
			);
			sourceTree = "<group>";
		};
		9DBACDE32C24BFF800B5CEE6 /* Products */ = {
			isa = PBXGroup;
			children = (
				9DBACDE22C24BFF800B5CEE6 /* WeJim.app */,
				9DBACDF22C24BFF900B5CEE6 /* WeJimTests.xctest */,
				9DBACDFC2C24BFF900B5CEE6 /* WeJimUITests.xctest */,
			);
			name = Products;
			sourceTree = "<group>";
		};
		9DBACDE42C24BFF800B5CEE6 /* WeJim */ = {
			isa = PBXGroup;
			children = (
				9DBACDE52C24BFF800B5CEE6 /* WeJimApp.swift */,
				9D8E364A2C27694400FCED4A /* Views */,
				9DBACDE92C24BFF900B5CEE6 /* Assets.xcassets */,
				9D8E364B2C27696900FCED4A /* Model */,
				9DBACDEB2C24BFF900B5CEE6 /* Preview Content */,
			);
			path = WeJim;
			sourceTree = "<group>";
		};
		9DBACDEB2C24BFF900B5CEE6 /* Preview Content */ = {
			isa = PBXGroup;
			children = (
				9DBACDEC2C24BFF900B5CEE6 /* Preview Assets.xcassets */,
			);
			path = "Preview Content";
			sourceTree = "<group>";
		};
		9DBACDF52C24BFF900B5CEE6 /* WeJimTests */ = {
			isa = PBXGroup;
			children = (
				9DBACDF62C24BFF900B5CEE6 /* WeJimTests.swift */,
			);
			path = WeJimTests;
			sourceTree = "<group>";
		};
		9DBACDFF2C24BFF900B5CEE6 /* WeJimUITests */ = {
			isa = PBXGroup;
			children = (
				9DBACE002C24BFF900B5CEE6 /* WeJimUITests.swift */,
				9DBACE022C24BFF900B5CEE6 /* WeJimUITestsLaunchTests.swift */,
			);
			path = WeJimUITests;
			sourceTree = "<group>";
		};
		9DC18CB12C3F514600990132 /* Authentication */ = {
			isa = PBXGroup;
			children = (
				9DC18CB42C3F5BEF00990132 /* SignIn.swift */,
				9D9B693D2C3B85B300162AFD /* Authentication.swift */,
				9DC18CB22C3F516700990132 /* SignOut.swift */,
				9DC18CB62C3F5C5B00990132 /* SignUp.swift */,
			);
			path = Authentication;
			sourceTree = "<group>";
		};
		9DC83E552C27B82F003C403A /* Category */ = {
			isa = PBXGroup;
			children = (
				9D8E36512C276ECD00FCED4A /* CategoryRow.swift */,
				9DC83E512C27AB11003C403A /* CategoryItem.swift */,
			);
			path = Category;
			sourceTree = "<group>";
		};
/* End PBXGroup section */

/* Begin PBXNativeTarget section */
		9DBACDE12C24BFF800B5CEE6 /* WeJim */ = {
			isa = PBXNativeTarget;
			buildConfigurationList = 9DBACE062C24BFF900B5CEE6 /* Build configuration list for PBXNativeTarget "WeJim" */;
			buildPhases = (
				9DBACDDE2C24BFF800B5CEE6 /* Sources */,
				9DBACDDF2C24BFF800B5CEE6 /* Frameworks */,
				9DBACDE02C24BFF800B5CEE6 /* Resources */,
			);
			buildRules = (
			);
			dependencies = (
			);
			name = WeJim;
			packageProductDependencies = (
				9DBACE122C24C08100B5CEE6 /* OpenAI */,
				9DC18CA42C3F3B0800990132 /* FirebaseAnalytics */,
				9DC18CA62C3F3B5100990132 /* FirebaseAnalyticsSwift */,
			);
			productName = WeJim;
			productReference = 9DBACDE22C24BFF800B5CEE6 /* WeJim.app */;
			productType = "com.apple.product-type.application";
		};
		9DBACDF12C24BFF900B5CEE6 /* WeJimTests */ = {
			isa = PBXNativeTarget;
			buildConfigurationList = 9DBACE092C24BFF900B5CEE6 /* Build configuration list for PBXNativeTarget "WeJimTests" */;
			buildPhases = (
				9DBACDEE2C24BFF900B5CEE6 /* Sources */,
				9DBACDEF2C24BFF900B5CEE6 /* Frameworks */,
				9DBACDF02C24BFF900B5CEE6 /* Resources */,
			);
			buildRules = (
			);
			dependencies = (
				9DBACDF42C24BFF900B5CEE6 /* PBXTargetDependency */,
			);
			name = WeJimTests;
			productName = WeJimTests;
			productReference = 9DBACDF22C24BFF900B5CEE6 /* WeJimTests.xctest */;
			productType = "com.apple.product-type.bundle.unit-test";
		};
		9DBACDFB2C24BFF900B5CEE6 /* WeJimUITests */ = {
			isa = PBXNativeTarget;
			buildConfigurationList = 9DBACE0C2C24BFF900B5CEE6 /* Build configuration list for PBXNativeTarget "WeJimUITests" */;
			buildPhases = (
				9DBACDF82C24BFF900B5CEE6 /* Sources */,
				9DBACDF92C24BFF900B5CEE6 /* Frameworks */,
				9DBACDFA2C24BFF900B5CEE6 /* Resources */,
			);
			buildRules = (
			);
			dependencies = (
				9DBACDFE2C24BFF900B5CEE6 /* PBXTargetDependency */,
			);
			name = WeJimUITests;
			productName = WeJimUITests;
			productReference = 9DBACDFC2C24BFF900B5CEE6 /* WeJimUITests.xctest */;
			productType = "com.apple.product-type.bundle.ui-testing";
		};
/* End PBXNativeTarget section */

/* Begin PBXProject section */
		9DBACDDA2C24BFF800B5CEE6 /* Project object */ = {
			isa = PBXProject;
			attributes = {
				BuildIndependentTargetsInParallel = 1;
				LastSwiftUpdateCheck = 1600;
				LastUpgradeCheck = 1600;
				TargetAttributes = {
					9DBACDE12C24BFF800B5CEE6 = {
						CreatedOnToolsVersion = 16.0;
					};
					9DBACDF12C24BFF900B5CEE6 = {
						CreatedOnToolsVersion = 16.0;
						TestTargetID = 9DBACDE12C24BFF800B5CEE6;
					};
					9DBACDFB2C24BFF900B5CEE6 = {
						CreatedOnToolsVersion = 16.0;
						TestTargetID = 9DBACDE12C24BFF800B5CEE6;
					};
				};
			};
			buildConfigurationList = 9DBACDDD2C24BFF800B5CEE6 /* Build configuration list for PBXProject "WeJim" */;
			compatibilityVersion = "Xcode 15.0";
			developmentRegion = en;
			hasScannedForEncodings = 0;
			knownRegions = (
				en,
				Base,
			);
			mainGroup = 9DBACDD92C24BFF800B5CEE6;
			packageReferences = (
				9DBACE112C24C08100B5CEE6 /* XCRemoteSwiftPackageReference "OpenAI" */,
				9DC18CA32C3F3B0800990132 /* XCRemoteSwiftPackageReference "firebase-ios-sdk" */,
			);
			productRefGroup = 9DBACDE32C24BFF800B5CEE6 /* Products */;
			projectDirPath = "";
			projectRoot = "";
			targets = (
				9DBACDE12C24BFF800B5CEE6 /* WeJim */,
				9DBACDF12C24BFF900B5CEE6 /* WeJimTests */,
				9DBACDFB2C24BFF900B5CEE6 /* WeJimUITests */,
			);
		};
/* End PBXProject section */

/* Begin PBXResourcesBuildPhase section */
		9DBACDE02C24BFF800B5CEE6 /* Resources */ = {
			isa = PBXResourcesBuildPhase;
			buildActionMask = 2147483647;
			files = (
				9DBACDED2C24BFF900B5CEE6 /* Preview Assets.xcassets in Resources */,
				9DBACDEA2C24BFF900B5CEE6 /* Assets.xcassets in Resources */,
			);
			runOnlyForDeploymentPostprocessing = 0;
		};
		9DBACDF02C24BFF900B5CEE6 /* Resources */ = {
			isa = PBXResourcesBuildPhase;
			buildActionMask = 2147483647;
			files = (
			);
			runOnlyForDeploymentPostprocessing = 0;
		};
		9DBACDFA2C24BFF900B5CEE6 /* Resources */ = {
			isa = PBXResourcesBuildPhase;
			buildActionMask = 2147483647;
			files = (
			);
			runOnlyForDeploymentPostprocessing = 0;
		};
/* End PBXResourcesBuildPhase section */

/* Begin PBXSourcesBuildPhase section */
		9DBACDDE2C24BFF800B5CEE6 /* Sources */ = {
			isa = PBXSourcesBuildPhase;
			buildActionMask = 2147483647;
			files = (
				9D9B69442C3B9CB200162AFD /* RecipeTileColumn.swift in Sources */,
				9DBACDE82C24BFF800B5CEE6 /* ContentView.swift in Sources */,
				9D9B69412C3B8EF600162AFD /* RecipeTile.swift in Sources */,
				9DC18CB52C3F5BEF00990132 /* SignIn.swift in Sources */,
				9DC18CB32C3F516700990132 /* SignOut.swift in Sources */,
				9DBACE102C24C05000B5CEE6 /* OpenAiModel.swift in Sources */,
				9D9B69382C3A535F00162AFD /* ProfileSummary.swift in Sources */,
				9D8E364D2C276A5D00FCED4A /* SearchView.swift in Sources */,
				9D9B69342C3A504300162AFD /* Profile.swift in Sources */,
				9DC83E612C28E64C003C403A /* ChosenItemCircleImage.swift in Sources */,
				9DC83E522C27AB11003C403A /* CategoryItem.swift in Sources */,
				9DC83E592C27CDB1003C403A /* GroceryListView.swift in Sources */,
				9D9B693E2C3B85B300162AFD /* Authentication.swift in Sources */,
				9DC18CB72C3F5C5B00990132 /* SignUp.swift in Sources */,
				9D8E364F2C276B8C00FCED4A /* HomeView.swift in Sources */,
				9DC83E5F2C28E20B003C403A /* ChosenItemView.swift in Sources */,
				9D9B693A2C3B4EFF00162AFD /* Settings.swift in Sources */,
				9D9B69362C3A52C100162AFD /* ProfileHost.swift in Sources */,
				9DC83E572C27CD9C003C403A /* CalendarView.swift in Sources */,
				9DC83E542C27AC75003C403A /* Item.swift in Sources */,
				9DBACDE62C24BFF800B5CEE6 /* WeJimApp.swift in Sources */,
				9D8E36522C276ECD00FCED4A /* CategoryRow.swift in Sources */,
				9DC18C9A2C3E54CE00990132 /* Recipe.swift in Sources */,
			);
			runOnlyForDeploymentPostprocessing = 0;
		};
		9DBACDEE2C24BFF900B5CEE6 /* Sources */ = {
			isa = PBXSourcesBuildPhase;
			buildActionMask = 2147483647;
			files = (
				9DBACDF72C24BFF900B5CEE6 /* WeJimTests.swift in Sources */,
			);
			runOnlyForDeploymentPostprocessing = 0;
		};
		9DBACDF82C24BFF900B5CEE6 /* Sources */ = {
			isa = PBXSourcesBuildPhase;
			buildActionMask = 2147483647;
			files = (
				9DBACE012C24BFF900B5CEE6 /* WeJimUITests.swift in Sources */,
				9DBACE032C24BFF900B5CEE6 /* WeJimUITestsLaunchTests.swift in Sources */,
			);
			runOnlyForDeploymentPostprocessing = 0;
		};
/* End PBXSourcesBuildPhase section */

/* Begin PBXTargetDependency section */
		9DBACDF42C24BFF900B5CEE6 /* PBXTargetDependency */ = {
			isa = PBXTargetDependency;
			target = 9DBACDE12C24BFF800B5CEE6 /* WeJim */;
			targetProxy = 9DBACDF32C24BFF900B5CEE6 /* PBXContainerItemProxy */;
		};
		9DBACDFE2C24BFF900B5CEE6 /* PBXTargetDependency */ = {
			isa = PBXTargetDependency;
			target = 9DBACDE12C24BFF800B5CEE6 /* WeJim */;
			targetProxy = 9DBACDFD2C24BFF900B5CEE6 /* PBXContainerItemProxy */;
		};
/* End PBXTargetDependency section */

/* Begin XCBuildConfiguration section */
		9DBACE042C24BFF900B5CEE6 /* Debug */ = {
			isa = XCBuildConfiguration;
			buildSettings = {
				ALWAYS_SEARCH_USER_PATHS = NO;
				ASSETCATALOG_COMPILER_GENERATE_SWIFT_ASSET_SYMBOL_EXTENSIONS = YES;
				CLANG_ANALYZER_NONNULL = YES;
				CLANG_ANALYZER_NUMBER_OBJECT_CONVERSION = YES_AGGRESSIVE;
				CLANG_CXX_LANGUAGE_STANDARD = "gnu++20";
				CLANG_ENABLE_MODULES = YES;
				CLANG_ENABLE_OBJC_ARC = YES;
				CLANG_ENABLE_OBJC_WEAK = YES;
				CLANG_WARN_BLOCK_CAPTURE_AUTORELEASING = YES;
				CLANG_WARN_BOOL_CONVERSION = YES;
				CLANG_WARN_COMMA = YES;
				CLANG_WARN_CONSTANT_CONVERSION = YES;
				CLANG_WARN_DEPRECATED_OBJC_IMPLEMENTATIONS = YES;
				CLANG_WARN_DIRECT_OBJC_ISA_USAGE = YES_ERROR;
				CLANG_WARN_DOCUMENTATION_COMMENTS = YES;
				CLANG_WARN_EMPTY_BODY = YES;
				CLANG_WARN_ENUM_CONVERSION = YES;
				CLANG_WARN_INFINITE_RECURSION = YES;
				CLANG_WARN_INT_CONVERSION = YES;
				CLANG_WARN_NON_LITERAL_NULL_CONVERSION = YES;
				CLANG_WARN_OBJC_IMPLICIT_RETAIN_SELF = YES;
				CLANG_WARN_OBJC_LITERAL_CONVERSION = YES;
				CLANG_WARN_OBJC_ROOT_CLASS = YES_ERROR;
				CLANG_WARN_QUOTED_INCLUDE_IN_FRAMEWORK_HEADER = YES;
				CLANG_WARN_RANGE_LOOP_ANALYSIS = YES;
				CLANG_WARN_STRICT_PROTOTYPES = YES;
				CLANG_WARN_SUSPICIOUS_MOVE = YES;
				CLANG_WARN_UNGUARDED_AVAILABILITY = YES_AGGRESSIVE;
				CLANG_WARN_UNREACHABLE_CODE = YES;
				CLANG_WARN__DUPLICATE_METHOD_MATCH = YES;
				COPY_PHASE_STRIP = NO;
				DEBUG_INFORMATION_FORMAT = dwarf;
				ENABLE_STRICT_OBJC_MSGSEND = YES;
				ENABLE_TESTABILITY = YES;
				ENABLE_USER_SCRIPT_SANDBOXING = YES;
				GCC_C_LANGUAGE_STANDARD = gnu17;
				GCC_DYNAMIC_NO_PIC = NO;
				GCC_NO_COMMON_BLOCKS = YES;
				GCC_OPTIMIZATION_LEVEL = 0;
				GCC_PREPROCESSOR_DEFINITIONS = (
					"DEBUG=1",
					"$(inherited)",
				);
				GCC_WARN_64_TO_32_BIT_CONVERSION = YES;
				GCC_WARN_ABOUT_RETURN_TYPE = YES_ERROR;
				GCC_WARN_UNDECLARED_SELECTOR = YES;
				GCC_WARN_UNINITIALIZED_AUTOS = YES_AGGRESSIVE;
				GCC_WARN_UNUSED_FUNCTION = YES;
				GCC_WARN_UNUSED_VARIABLE = YES;
				IPHONEOS_DEPLOYMENT_TARGET = 18.0;
				LOCALIZATION_PREFERS_STRING_CATALOGS = YES;
				MTL_ENABLE_DEBUG_INFO = INCLUDE_SOURCE;
				MTL_FAST_MATH = YES;
				ONLY_ACTIVE_ARCH = YES;
				SDKROOT = iphoneos;
				SWIFT_ACTIVE_COMPILATION_CONDITIONS = "DEBUG $(inherited)";
				SWIFT_OPTIMIZATION_LEVEL = "-Onone";
			};
			name = Debug;
		};
		9DBACE052C24BFF900B5CEE6 /* Release */ = {
			isa = XCBuildConfiguration;
			buildSettings = {
				ALWAYS_SEARCH_USER_PATHS = NO;
				ASSETCATALOG_COMPILER_GENERATE_SWIFT_ASSET_SYMBOL_EXTENSIONS = YES;
				CLANG_ANALYZER_NONNULL = YES;
				CLANG_ANALYZER_NUMBER_OBJECT_CONVERSION = YES_AGGRESSIVE;
				CLANG_CXX_LANGUAGE_STANDARD = "gnu++20";
				CLANG_ENABLE_MODULES = YES;
				CLANG_ENABLE_OBJC_ARC = YES;
				CLANG_ENABLE_OBJC_WEAK = YES;
				CLANG_WARN_BLOCK_CAPTURE_AUTORELEASING = YES;
				CLANG_WARN_BOOL_CONVERSION = YES;
				CLANG_WARN_COMMA = YES;
				CLANG_WARN_CONSTANT_CONVERSION = YES;
				CLANG_WARN_DEPRECATED_OBJC_IMPLEMENTATIONS = YES;
				CLANG_WARN_DIRECT_OBJC_ISA_USAGE = YES_ERROR;
				CLANG_WARN_DOCUMENTATION_COMMENTS = YES;
				CLANG_WARN_EMPTY_BODY = YES;
				CLANG_WARN_ENUM_CONVERSION = YES;
				CLANG_WARN_INFINITE_RECURSION = YES;
				CLANG_WARN_INT_CONVERSION = YES;
				CLANG_WARN_NON_LITERAL_NULL_CONVERSION = YES;
				CLANG_WARN_OBJC_IMPLICIT_RETAIN_SELF = YES;
				CLANG_WARN_OBJC_LITERAL_CONVERSION = YES;
				CLANG_WARN_OBJC_ROOT_CLASS = YES_ERROR;
				CLANG_WARN_QUOTED_INCLUDE_IN_FRAMEWORK_HEADER = YES;
				CLANG_WARN_RANGE_LOOP_ANALYSIS = YES;
				CLANG_WARN_STRICT_PROTOTYPES = YES;
				CLANG_WARN_SUSPICIOUS_MOVE = YES;
				CLANG_WARN_UNGUARDED_AVAILABILITY = YES_AGGRESSIVE;
				CLANG_WARN_UNREACHABLE_CODE = YES;
				CLANG_WARN__DUPLICATE_METHOD_MATCH = YES;
				COPY_PHASE_STRIP = NO;
				DEBUG_INFORMATION_FORMAT = "dwarf-with-dsym";
				ENABLE_NS_ASSERTIONS = NO;
				ENABLE_STRICT_OBJC_MSGSEND = YES;
				ENABLE_USER_SCRIPT_SANDBOXING = YES;
				GCC_C_LANGUAGE_STANDARD = gnu17;
				GCC_NO_COMMON_BLOCKS = YES;
				GCC_WARN_64_TO_32_BIT_CONVERSION = YES;
				GCC_WARN_ABOUT_RETURN_TYPE = YES_ERROR;
				GCC_WARN_UNDECLARED_SELECTOR = YES;
				GCC_WARN_UNINITIALIZED_AUTOS = YES_AGGRESSIVE;
				GCC_WARN_UNUSED_FUNCTION = YES;
				GCC_WARN_UNUSED_VARIABLE = YES;
				IPHONEOS_DEPLOYMENT_TARGET = 18.0;
				LOCALIZATION_PREFERS_STRING_CATALOGS = YES;
				MTL_ENABLE_DEBUG_INFO = NO;
				MTL_FAST_MATH = YES;
				SDKROOT = iphoneos;
				SWIFT_COMPILATION_MODE = wholemodule;
				VALIDATE_PRODUCT = YES;
			};
			name = Release;
		};
		9DBACE072C24BFF900B5CEE6 /* Debug */ = {
			isa = XCBuildConfiguration;
			buildSettings = {
				ASSETCATALOG_COMPILER_APPICON_NAME = AppIcon;
				ASSETCATALOG_COMPILER_GLOBAL_ACCENT_COLOR_NAME = AccentColor;
				CODE_SIGN_STYLE = Automatic;
				CURRENT_PROJECT_VERSION = 1;
				DEVELOPMENT_ASSET_PATHS = "\"WeJim/Preview Content\"";
				DEVELOPMENT_TEAM = 72NQF7NS4Y;
				ENABLE_PREVIEWS = YES;
				GENERATE_INFOPLIST_FILE = YES;
				INFOPLIST_KEY_LSApplicationCategoryType = "public.app-category.healthcare-fitness";
				INFOPLIST_KEY_UIApplicationSceneManifest_Generation = YES;
				INFOPLIST_KEY_UIApplicationSupportsIndirectInputEvents = YES;
				INFOPLIST_KEY_UILaunchScreen_Generation = YES;
				INFOPLIST_KEY_UIStatusBarStyle = "";
				INFOPLIST_KEY_UISupportedInterfaceOrientations = UIInterfaceOrientationPortrait;
				INFOPLIST_KEY_UISupportedInterfaceOrientations_iPad = "UIInterfaceOrientationLandscapeLeft UIInterfaceOrientationLandscapeRight UIInterfaceOrientationPortrait UIInterfaceOrientationPortraitUpsideDown";
				LD_RUNPATH_SEARCH_PATHS = (
					"$(inherited)",
					"@executable_path/Frameworks",
				);
				MARKETING_VERSION = 1.0;
				PRODUCT_BUNDLE_IDENTIFIER = com.AidenDB.Prepr;
				PRODUCT_NAME = "$(TARGET_NAME)";
				SWIFT_EMIT_LOC_STRINGS = YES;
				SWIFT_VERSION = 5.0;
				TARGETED_DEVICE_FAMILY = "1,2";
			};
			name = Debug;
		};
		9DBACE082C24BFF900B5CEE6 /* Release */ = {
			isa = XCBuildConfiguration;
			buildSettings = {
				ASSETCATALOG_COMPILER_APPICON_NAME = AppIcon;
				ASSETCATALOG_COMPILER_GLOBAL_ACCENT_COLOR_NAME = AccentColor;
				CODE_SIGN_STYLE = Automatic;
				CURRENT_PROJECT_VERSION = 1;
				DEVELOPMENT_ASSET_PATHS = "\"WeJim/Preview Content\"";
				DEVELOPMENT_TEAM = 72NQF7NS4Y;
				ENABLE_PREVIEWS = YES;
				GENERATE_INFOPLIST_FILE = YES;
				INFOPLIST_KEY_LSApplicationCategoryType = "public.app-category.healthcare-fitness";
				INFOPLIST_KEY_UIApplicationSceneManifest_Generation = YES;
				INFOPLIST_KEY_UIApplicationSupportsIndirectInputEvents = YES;
				INFOPLIST_KEY_UILaunchScreen_Generation = YES;
				INFOPLIST_KEY_UIStatusBarStyle = "";
				INFOPLIST_KEY_UISupportedInterfaceOrientations = UIInterfaceOrientationPortrait;
				INFOPLIST_KEY_UISupportedInterfaceOrientations_iPad = "UIInterfaceOrientationLandscapeLeft UIInterfaceOrientationLandscapeRight UIInterfaceOrientationPortrait UIInterfaceOrientationPortraitUpsideDown";
				LD_RUNPATH_SEARCH_PATHS = (
					"$(inherited)",
					"@executable_path/Frameworks",
				);
				MARKETING_VERSION = 1.0;
				PRODUCT_BUNDLE_IDENTIFIER = com.AidenDB.Prepr;
				PRODUCT_NAME = "$(TARGET_NAME)";
				SWIFT_EMIT_LOC_STRINGS = YES;
				SWIFT_VERSION = 5.0;
				TARGETED_DEVICE_FAMILY = "1,2";
			};
			name = Release;
		};
		9DBACE0A2C24BFF900B5CEE6 /* Debug */ = {
			isa = XCBuildConfiguration;
			buildSettings = {
				BUNDLE_LOADER = "$(TEST_HOST)";
				CODE_SIGN_STYLE = Automatic;
				CURRENT_PROJECT_VERSION = 1;
				DEVELOPMENT_TEAM = 72NQF7NS4Y;
				GENERATE_INFOPLIST_FILE = YES;
				IPHONEOS_DEPLOYMENT_TARGET = 16.6;
				MARKETING_VERSION = 1.0;
				PRODUCT_BUNDLE_IDENTIFIER = com.AidenDB.WeJimTests;
				PRODUCT_NAME = "$(TARGET_NAME)";
				SWIFT_EMIT_LOC_STRINGS = NO;
				SWIFT_VERSION = 5.0;
				TARGETED_DEVICE_FAMILY = "1,2";
				TEST_HOST = "$(BUILT_PRODUCTS_DIR)/WeJim.app/$(BUNDLE_EXECUTABLE_FOLDER_PATH)/WeJim";
			};
			name = Debug;
		};
		9DBACE0B2C24BFF900B5CEE6 /* Release */ = {
			isa = XCBuildConfiguration;
			buildSettings = {
				BUNDLE_LOADER = "$(TEST_HOST)";
				CODE_SIGN_STYLE = Automatic;
				CURRENT_PROJECT_VERSION = 1;
				DEVELOPMENT_TEAM = 72NQF7NS4Y;
				GENERATE_INFOPLIST_FILE = YES;
				IPHONEOS_DEPLOYMENT_TARGET = 16.6;
				MARKETING_VERSION = 1.0;
				PRODUCT_BUNDLE_IDENTIFIER = com.AidenDB.WeJimTests;
				PRODUCT_NAME = "$(TARGET_NAME)";
				SWIFT_EMIT_LOC_STRINGS = NO;
				SWIFT_VERSION = 5.0;
				TARGETED_DEVICE_FAMILY = "1,2";
				TEST_HOST = "$(BUILT_PRODUCTS_DIR)/WeJim.app/$(BUNDLE_EXECUTABLE_FOLDER_PATH)/WeJim";
			};
			name = Release;
		};
		9DBACE0D2C24BFF900B5CEE6 /* Debug */ = {
			isa = XCBuildConfiguration;
			buildSettings = {
				CODE_SIGN_STYLE = Automatic;
				CURRENT_PROJECT_VERSION = 1;
				DEVELOPMENT_TEAM = 72NQF7NS4Y;
				GENERATE_INFOPLIST_FILE = YES;
				MARKETING_VERSION = 1.0;
				PRODUCT_BUNDLE_IDENTIFIER = com.AidenDB.WeJimUITests;
				PRODUCT_NAME = "$(TARGET_NAME)";
				SWIFT_EMIT_LOC_STRINGS = NO;
				SWIFT_VERSION = 5.0;
				TARGETED_DEVICE_FAMILY = "1,2";
				TEST_TARGET_NAME = WeJim;
			};
			name = Debug;
		};
		9DBACE0E2C24BFF900B5CEE6 /* Release */ = {
			isa = XCBuildConfiguration;
			buildSettings = {
				CODE_SIGN_STYLE = Automatic;
				CURRENT_PROJECT_VERSION = 1;
				DEVELOPMENT_TEAM = 72NQF7NS4Y;
				GENERATE_INFOPLIST_FILE = YES;
				MARKETING_VERSION = 1.0;
				PRODUCT_BUNDLE_IDENTIFIER = com.AidenDB.WeJimUITests;
				PRODUCT_NAME = "$(TARGET_NAME)";
				SWIFT_EMIT_LOC_STRINGS = NO;
				SWIFT_VERSION = 5.0;
				TARGETED_DEVICE_FAMILY = "1,2";
				TEST_TARGET_NAME = WeJim;
			};
			name = Release;
		};
/* End XCBuildConfiguration section */

/* Begin XCConfigurationList section */
		9DBACDDD2C24BFF800B5CEE6 /* Build configuration list for PBXProject "WeJim" */ = {
			isa = XCConfigurationList;
			buildConfigurations = (
				9DBACE042C24BFF900B5CEE6 /* Debug */,
				9DBACE052C24BFF900B5CEE6 /* Release */,
			);
			defaultConfigurationIsVisible = 0;
			defaultConfigurationName = Release;
		};
		9DBACE062C24BFF900B5CEE6 /* Build configuration list for PBXNativeTarget "WeJim" */ = {
			isa = XCConfigurationList;
			buildConfigurations = (
				9DBACE072C24BFF900B5CEE6 /* Debug */,
				9DBACE082C24BFF900B5CEE6 /* Release */,
			);
			defaultConfigurationIsVisible = 0;
			defaultConfigurationName = Release;
		};
		9DBACE092C24BFF900B5CEE6 /* Build configuration list for PBXNativeTarget "WeJimTests" */ = {
			isa = XCConfigurationList;
			buildConfigurations = (
				9DBACE0A2C24BFF900B5CEE6 /* Debug */,
				9DBACE0B2C24BFF900B5CEE6 /* Release */,
			);
			defaultConfigurationIsVisible = 0;
			defaultConfigurationName = Release;
		};
		9DBACE0C2C24BFF900B5CEE6 /* Build configuration list for PBXNativeTarget "WeJimUITests" */ = {
			isa = XCConfigurationList;
			buildConfigurations = (
				9DBACE0D2C24BFF900B5CEE6 /* Debug */,
				9DBACE0E2C24BFF900B5CEE6 /* Release */,
			);
			defaultConfigurationIsVisible = 0;
			defaultConfigurationName = Release;
		};
/* End XCConfigurationList section */

/* Begin XCRemoteSwiftPackageReference section */
		9DBACE112C24C08100B5CEE6 /* XCRemoteSwiftPackageReference "OpenAI" */ = {
			isa = XCRemoteSwiftPackageReference;
			repositoryURL = "https://github.com/MacPaw/OpenAI";
			requirement = {
				kind = upToNextMajorVersion;
				minimumVersion = 0.2.9;
			};
		};
		9DC18CA32C3F3B0800990132 /* XCRemoteSwiftPackageReference "firebase-ios-sdk" */ = {
			isa = XCRemoteSwiftPackageReference;
			repositoryURL = "https://github.com/firebase/firebase-ios-sdk";
			requirement = {
				kind = upToNextMajorVersion;
				minimumVersion = 10.29.0;
			};
		};
/* End XCRemoteSwiftPackageReference section */

/* Begin XCSwiftPackageProductDependency section */
		9DBACE122C24C08100B5CEE6 /* OpenAI */ = {
			isa = XCSwiftPackageProductDependency;
			package = 9DBACE112C24C08100B5CEE6 /* XCRemoteSwiftPackageReference "OpenAI" */;
			productName = OpenAI;
		};
		9DC18CA42C3F3B0800990132 /* FirebaseAnalytics */ = {
			isa = XCSwiftPackageProductDependency;
			package = 9DC18CA32C3F3B0800990132 /* XCRemoteSwiftPackageReference "firebase-ios-sdk" */;
			productName = FirebaseAnalytics;
		};
		9DC18CA62C3F3B5100990132 /* FirebaseAnalyticsSwift */ = {
			isa = XCSwiftPackageProductDependency;
			package = 9DC18CA32C3F3B0800990132 /* XCRemoteSwiftPackageReference "firebase-ios-sdk" */;
			productName = FirebaseAnalyticsSwift;
		};
/* End XCSwiftPackageProductDependency section */
	};
	rootObject = 9DBACDDA2C24BFF800B5CEE6 /* Project object */;
}
